{
    "_readme": [
        "This file locks the dependencies of your project to a known state",
        "Read more about it at https://getcomposer.org/doc/01-basic-usage.md#installing-dependencies",
        "This file is @generated automatically"
    ],
    "content-hash": "c00cc5a184b51b12bbd6bf084fa384b9",
    "packages": [
        {
            "name": "psr/container",
            "version": "1.0.0",
            "source": {
                "type": "git",
                "url": "https://github.com/php-fig/container.git",
                "reference": "b7ce3b176482dbbc1245ebf52b181af44c2cf55f"
            },
            "dist": {
                "type": "zip",
                "url": "https://api.github.com/repos/php-fig/container/zipball/b7ce3b176482dbbc1245ebf52b181af44c2cf55f",
                "reference": "b7ce3b176482dbbc1245ebf52b181af44c2cf55f",
                "shasum": ""
            },
            "require": {
                "php": ">=5.3.0"
            },
            "type": "library",
            "extra": {
                "branch-alias": {
                    "dev-master": "1.0.x-dev"
                }
            },
            "autoload": {
                "psr-4": {
                    "Psr\\Container\\": "src/"
                }
            },
            "notification-url": "https://packagist.org/downloads/",
            "license": [
                "MIT"
            ],
            "authors": [
                {
                    "name": "PHP-FIG",
                    "homepage": "http://www.php-fig.org/"
                }
            ],
            "description": "Common Container Interface (PHP FIG PSR-11)",
            "homepage": "https://github.com/php-fig/container",
            "keywords": [
                "PSR-11",
                "container",
                "container-interface",
                "container-interop",
                "psr"
            ],
            "time": "2017-02-14T16:28:37+00:00"
        },
        {
            "name": "psr/event-dispatcher",
            "version": "1.0.0",
            "source": {
                "type": "git",
                "url": "https://github.com/php-fig/event-dispatcher.git",
                "reference": "dbefd12671e8a14ec7f180cab83036ed26714bb0"
            },
            "dist": {
                "type": "zip",
                "url": "https://api.github.com/repos/php-fig/event-dispatcher/zipball/dbefd12671e8a14ec7f180cab83036ed26714bb0",
                "reference": "dbefd12671e8a14ec7f180cab83036ed26714bb0",
                "shasum": ""
            },
            "require": {
                "php": ">=7.2.0"
            },
            "type": "library",
            "extra": {
                "branch-alias": {
                    "dev-master": "1.0.x-dev"
                }
            },
            "autoload": {
                "psr-4": {
                    "Psr\\EventDispatcher\\": "src/"
                }
            },
            "notification-url": "https://packagist.org/downloads/",
            "license": [
                "MIT"
            ],
            "authors": [
                {
                    "name": "PHP-FIG",
                    "homepage": "http://www.php-fig.org/"
                }
            ],
            "description": "Standard interfaces for event handling.",
            "keywords": [
                "events",
                "psr",
                "psr-14"
            ],
            "time": "2019-01-08T18:20:26+00:00"
        },
        {
            "name": "tolkam/collection",
            "version": "dev-master",
            "dist": {
                "type": "path",
                "url": "D:/dev-packages/php/tolkam/collection",
                "reference": "4f795f222a4e46aae60ea9171a5b76ea5fe5abfa"
            },
            "require": {
                "ext-json": "*",
                "ext-mbstring": "*",
                "php": ">=7.4"
            },
            "type": "library",
            "extra": {
                "branch-alias": {
                    "dev-master": "1.0-dev"
                }
            },
            "autoload": {
                "psr-4": {
                    "Tolkam\\Collection\\": "src"
                }
            },
            "license": [
                "proprietary"
            ],
            "description": "Wrappers for iterable data",
            "transport-options": {
                "symlink": true,
                "relative": false
            }
        },
        {
            "name": "tolkam/pagination",
            "version": "dev-master",
            "dist": {
                "type": "path",
                "url": "D:/dev-packages/php/tolkam/pagination",
                "reference": "e0d1d998999c7d76206254708d9bf2ed4a373c1d"
            },
            "require": {
                "php": ">=7.4"
            },
            "require-dev": {
                "doctrine/dbal": "^2.9"
            },
            "type": "library",
            "extra": {
                "branch-alias": {
                    "dev-master": "1.0-dev"
                }
            },
            "autoload": {
                "psr-4": {
                    "Tolkam\\Pagination\\": "src"
                }
            },
            "license": [
                "proprietary"
            ],
            "description": "Extendable pagination",
            "transport-options": {
                "symlink": true,
                "relative": false
            }
        },
        {
            "name": "tolkam/rules",
            "version": "dev-master",
            "dist": {
                "type": "path",
                "url": "D:/dev-packages/php/tolkam/rules",
                "reference": "9a899a6d612b04d21939a4d820afe86ab761020d"
            },
            "require": {
                "ext-mbstring": "*",
                "php": ">=7.4"
            },
            "type": "library",
            "extra": {
                "branch-alias": {
                    "dev-master": "1.0-dev"
                }
            },
            "autoload": {
                "psr-4": {
                    "Tolkam\\Rules\\": "src/"
                }
            },
            "license": [
                "proprietary"
            ],
            "description": "Validates input data against predefined rules",
            "transport-options": {
                "symlink": true,
                "relative": false
            }
        },
        {
            "name": "tolkam/utils",
            "version": "dev-master",
            "dist": {
                "type": "path",
                "url": "D:/dev-packages/php/tolkam/utils",
                "reference": "0e2719f0108c59acf4173d6ffc5fc612649c9478"
            },
            "require": {
                "ext-ctype": "*",
                "ext-mbstring": "*",
                "php": ">=7.2.0"
            },
            "type": "library",
            "extra": {
                "branch-alias": {
                    "dev-master": "1.0-dev"
                }
            },
            "autoload": {
                "psr-4": {
                    "Tolkam\\Utils\\": "src"
                }
            },
            "license": [
                "proprietary"
            ],
            "description": "Useful utility functions",
            "transport-options": {
                "symlink": true,
                "relative": false
            }
        }
    ],
    "packages-dev": [],
    "aliases": [],
    "minimum-stability": "dev",
    "stability-flags": {
        "tolkam/utils": 20,
        "tolkam/rules": 20,
        "tolkam/pagination": 20,
        "tolkam/collection": 20
    },
    "prefer-stable": true,
    "prefer-lowest": false,
    "platform": {
        "php": ">=8.0",
        "ext-json": "*",
        "ext-mbstring": "*",
        "ext-exif": "*"
    },
    "platform-dev": [],
    "plugin-api-version": "1.1.0"
}
